
Microsoft Visual Studio Solution File, Format Version 12.00
# Visual Studio Version 16
VisualStudioVersion = 16.0.30114.105
MinimumVisualStudioVersion = 10.0.40219.1
Project("{FAE04EC0-301F-11D3-BF4B-00C04F79EFBC}") = "API", "API\API.csproj", "{51AA87E8-597D-484B-A6FA-5EAD05C74F9F}"
EndProject
Project("{FAE04EC0-301F-11D3-BF4B-00C04F79EFBC}") = "Application", "Application\Application.csproj", "{40E96ADD-6BE3-4C59-B7A5-8E78914C33E7}"
EndProject
Project("{FAE04EC0-301F-11D3-BF4B-00C04F79EFBC}") = "Persistence", "Persistence\Persistence.csproj", "{17D41814-FE27-4858-B4D8-FAF61371A7F8}"
EndProject
Project("{FAE04EC0-301F-11D3-BF4B-00C04F79EFBC}") = "Domain", "Domain\Domain.csproj", "{0D9D2D71-4B4B-4C66-9286-419AA01389FF}"
EndProject
Global
	GlobalSection(SolutionConfigurationPlatforms) = preSolution
		Debug|Any CPU = Debug|Any CPU
		Release|Any CPU = Release|Any CPU
	EndGlobalSection
	GlobalSection(SolutionProperties) = preSolution
		HideSolutionNode = FALSE
	EndGlobalSection
	GlobalSection(ProjectConfigurationPlatforms) = postSolution
		{51AA87E8-597D-484B-A6FA-5EAD05C74F9F}.Debug|Any CPU.ActiveCfg = Debug|Any CPU
		{51AA87E8-597D-484B-A6FA-5EAD05C74F9F}.Debug|Any CPU.Build.0 = Debug|Any CPU
		{51AA87E8-597D-484B-A6FA-5EAD05C74F9F}.Release|Any CPU.ActiveCfg = Release|Any CPU
		{51AA87E8-597D-484B-A6FA-5EAD05C74F9F}.Release|Any CPU.Build.0 = Release|Any CPU
		{40E96ADD-6BE3-4C59-B7A5-8E78914C33E7}.Debug|Any CPU.ActiveCfg = Debug|Any CPU
		{40E96ADD-6BE3-4C59-B7A5-8E78914C33E7}.Debug|Any CPU.Build.0 = Debug|Any CPU
		{40E96ADD-6BE3-4C59-B7A5-8E78914C33E7}.Release|Any CPU.ActiveCfg = Release|Any CPU
		{40E96ADD-6BE3-4C59-B7A5-8E78914C33E7}.Release|Any CPU.Build.0 = Release|Any CPU
		{17D41814-FE27-4858-B4D8-FAF61371A7F8}.Debug|Any CPU.ActiveCfg = Debug|Any CPU
		{17D41814-FE27-4858-B4D8-FAF61371A7F8}.Debug|Any CPU.Build.0 = Debug|Any CPU
		{17D41814-FE27-4858-B4D8-FAF61371A7F8}.Release|Any CPU.ActiveCfg = Release|Any CPU
		{17D41814-FE27-4858-B4D8-FAF61371A7F8}.Release|Any CPU.Build.0 = Release|Any CPU
		{0D9D2D71-4B4B-4C66-9286-419AA01389FF}.Debug|Any CPU.ActiveCfg = Debug|Any CPU
		{0D9D2D71-4B4B-4C66-9286-419AA01389FF}.Debug|Any CPU.Build.0 = Debug|Any CPU
		{0D9D2D71-4B4B-4C66-9286-419AA01389FF}.Release|Any CPU.ActiveCfg = Release|Any CPU
		{0D9D2D71-4B4B-4C66-9286-419AA01389FF}.Release|Any CPU.Build.0 = Release|Any CPU
	EndGlobalSection
EndGlobal
